
Microsoft Visual Studio Solution File, Format Version 12.00
# Visual Studio Version 17
VisualStudioVersion = 17.11.35303.130
MinimumVisualStudioVersion = 10.0.40219.1
Project("{9A19103F-16F7-4668-BE54-9A1E7A4F7556}") = "RZD.TestConsole", "RZD.Test\RZD.TestConsole.csproj", "{5C61572B-6BE7-4BD1-BB61-9A339E7F4649}"
EndProject
Project("{9A19103F-16F7-4668-BE54-9A1E7A4F7556}") = "RZD.Database", "RZD.Database\RZD.Database.csproj", "{15A94A8B-50DF-42C3-A3E9-A7300CBB1328}"
EndProject
Project("{9A19103F-16F7-4668-BE54-9A1E7A4F7556}") = "RZD.Common", "RZD.Common\RZD.Common.csproj", "{656DFBF2-A212-4BE6-A57B-EB0B313AB657}"
EndProject
Project("{9A19103F-16F7-4668-BE54-9A1E7A4F7556}") = "RZD.Application", "RZD.Application\RZD.Application.csproj", "{381FFEC2-22B5-4D38-B6A5-45B6E6A53A25}"
EndProject
Project("{9A19103F-16F7-4668-BE54-9A1E7A4F7556}") = "RZD.Scheduler", "RZD.Scheduler\RZD.Scheduler.csproj", "{7CEA7B38-A9B6-45B0-A86D-91D4FD50908B}"
EndProject
Project("{2150E333-8FDC-42A3-9474-1A3956D46DE8}") = "Solution Items", "Solution Items", "{B8B2112D-3831-40B6-ADCA-83B514BF33DD}"
	ProjectSection(SolutionItems) = preProject
		.env = .env
		.env.example = .env.example
		docker-compose.yaml = docker-compose.yaml
	EndProjectSection
EndProject
Project("{9A19103F-16F7-4668-BE54-9A1E7A4F7556}") = "RZD.Api", "RZD.Api\RZD.Api.csproj", "{1413BF61-F3AF-4D7A-AAFA-6CC384256D09}"
EndProject
Project("{9A19103F-16F7-4668-BE54-9A1E7A4F7556}") = "RZD.Integration", "RZD.Integration\RZD.Integration.csproj", "{A3B62024-0A06-4401-8854-E3D55B00BB3F}"
EndProject
Project("{54A90642-561A-4BB1-A94E-469ADEE60C69}") = "rzd.front", "RZD.Front\rzd.front.esproj", "{86DBA715-4D99-4A46-8AAE-30A37793A435}"
EndProject
Project("{9A19103F-16F7-4668-BE54-9A1E7A4F7556}") = "RZD.Notifier", "RZD.Notifier\RZD.Notifier.csproj", "{A7EB6430-5DEF-4E08-AAF4-84B357DC153C}"
EndProject
Project("{9A19103F-16F7-4668-BE54-9A1E7A4F7556}") = "RZD.MailSender", "RZD.MailSender\RZD.MailSender.csproj", "{C5C0DB28-979D-4910-BD09-C183B068FA33}"
EndProject
Project("{888888A0-9F3D-457C-B088-3A5042F75D52}") = "RZD.ModelAI", "RZD.ModelAI\RZD.ModelAI.pyproj", "{0D2A5C9F-39EC-462B-997E-4F06CA246503}"
EndProject
Global
	GlobalSection(SolutionConfigurationPlatforms) = preSolution
		Debug|Any CPU = Debug|Any CPU
		Release|Any CPU = Release|Any CPU
	EndGlobalSection
	GlobalSection(ProjectConfigurationPlatforms) = postSolution
		{5C61572B-6BE7-4BD1-BB61-9A339E7F4649}.Debug|Any CPU.ActiveCfg = Debug|Any CPU
		{5C61572B-6BE7-4BD1-BB61-9A339E7F4649}.Debug|Any CPU.Build.0 = Debug|Any CPU
		{5C61572B-6BE7-4BD1-BB61-9A339E7F4649}.Release|Any CPU.ActiveCfg = Release|Any CPU
		{5C61572B-6BE7-4BD1-BB61-9A339E7F4649}.Release|Any CPU.Build.0 = Release|Any CPU
		{15A94A8B-50DF-42C3-A3E9-A7300CBB1328}.Debug|Any CPU.ActiveCfg = Debug|Any CPU
		{15A94A8B-50DF-42C3-A3E9-A7300CBB1328}.Debug|Any CPU.Build.0 = Debug|Any CPU
		{15A94A8B-50DF-42C3-A3E9-A7300CBB1328}.Release|Any CPU.ActiveCfg = Release|Any CPU
		{15A94A8B-50DF-42C3-A3E9-A7300CBB1328}.Release|Any CPU.Build.0 = Release|Any CPU
		{656DFBF2-A212-4BE6-A57B-EB0B313AB657}.Debug|Any CPU.ActiveCfg = Debug|Any CPU
		{656DFBF2-A212-4BE6-A57B-EB0B313AB657}.Debug|Any CPU.Build.0 = Debug|Any CPU
		{656DFBF2-A212-4BE6-A57B-EB0B313AB657}.Release|Any CPU.ActiveCfg = Release|Any CPU
		{656DFBF2-A212-4BE6-A57B-EB0B313AB657}.Release|Any CPU.Build.0 = Release|Any CPU
		{381FFEC2-22B5-4D38-B6A5-45B6E6A53A25}.Debug|Any CPU.ActiveCfg = Debug|Any CPU
		{381FFEC2-22B5-4D38-B6A5-45B6E6A53A25}.Debug|Any CPU.Build.0 = Debug|Any CPU
		{381FFEC2-22B5-4D38-B6A5-45B6E6A53A25}.Release|Any CPU.ActiveCfg = Release|Any CPU
		{381FFEC2-22B5-4D38-B6A5-45B6E6A53A25}.Release|Any CPU.Build.0 = Release|Any CPU
		{7CEA7B38-A9B6-45B0-A86D-91D4FD50908B}.Debug|Any CPU.ActiveCfg = Debug|Any CPU
		{7CEA7B38-A9B6-45B0-A86D-91D4FD50908B}.Debug|Any CPU.Build.0 = Debug|Any CPU
		{7CEA7B38-A9B6-45B0-A86D-91D4FD50908B}.Release|Any CPU.ActiveCfg = Release|Any CPU
		{7CEA7B38-A9B6-45B0-A86D-91D4FD50908B}.Release|Any CPU.Build.0 = Release|Any CPU
		{1413BF61-F3AF-4D7A-AAFA-6CC384256D09}.Debug|Any CPU.ActiveCfg = Debug|Any CPU
		{1413BF61-F3AF-4D7A-AAFA-6CC384256D09}.Debug|Any CPU.Build.0 = Debug|Any CPU
		{1413BF61-F3AF-4D7A-AAFA-6CC384256D09}.Release|Any CPU.ActiveCfg = Release|Any CPU
		{1413BF61-F3AF-4D7A-AAFA-6CC384256D09}.Release|Any CPU.Build.0 = Release|Any CPU
		{A3B62024-0A06-4401-8854-E3D55B00BB3F}.Debug|Any CPU.ActiveCfg = Debug|Any CPU
		{A3B62024-0A06-4401-8854-E3D55B00BB3F}.Debug|Any CPU.Build.0 = Debug|Any CPU
		{A3B62024-0A06-4401-8854-E3D55B00BB3F}.Release|Any CPU.ActiveCfg = Release|Any CPU
		{A3B62024-0A06-4401-8854-E3D55B00BB3F}.Release|Any CPU.Build.0 = Release|Any CPU
		{86DBA715-4D99-4A46-8AAE-30A37793A435}.Debug|Any CPU.ActiveCfg = Debug|Any CPU
		{86DBA715-4D99-4A46-8AAE-30A37793A435}.Debug|Any CPU.Build.0 = Debug|Any CPU
		{86DBA715-4D99-4A46-8AAE-30A37793A435}.Debug|Any CPU.Deploy.0 = Debug|Any CPU
		{86DBA715-4D99-4A46-8AAE-30A37793A435}.Release|Any CPU.ActiveCfg = Release|Any CPU
		{86DBA715-4D99-4A46-8AAE-30A37793A435}.Release|Any CPU.Build.0 = Release|Any CPU
		{86DBA715-4D99-4A46-8AAE-30A37793A435}.Release|Any CPU.Deploy.0 = Release|Any CPU
		{A7EB6430-5DEF-4E08-AAF4-84B357DC153C}.Debug|Any CPU.ActiveCfg = Debug|Any CPU
		{A7EB6430-5DEF-4E08-AAF4-84B357DC153C}.Debug|Any CPU.Build.0 = Debug|Any CPU
		{A7EB6430-5DEF-4E08-AAF4-84B357DC153C}.Release|Any CPU.ActiveCfg = Release|Any CPU
		{A7EB6430-5DEF-4E08-AAF4-84B357DC153C}.Release|Any CPU.Build.0 = Release|Any CPU
		{C5C0DB28-979D-4910-BD09-C183B068FA33}.Debug|Any CPU.ActiveCfg = Debug|Any CPU
		{C5C0DB28-979D-4910-BD09-C183B068FA33}.Debug|Any CPU.Build.0 = Debug|Any CPU
		{C5C0DB28-979D-4910-BD09-C183B068FA33}.Release|Any CPU.ActiveCfg = Release|Any CPU
		{C5C0DB28-979D-4910-BD09-C183B068FA33}.Release|Any CPU.Build.0 = Release|Any CPU
		{0D2A5C9F-39EC-462B-997E-4F06CA246503}.Debug|Any CPU.ActiveCfg = Debug|Any CPU
		{0D2A5C9F-39EC-462B-997E-4F06CA246503}.Release|Any CPU.ActiveCfg = Release|Any CPU
	EndGlobalSection
	GlobalSection(SolutionProperties) = preSolution
		HideSolutionNode = FALSE
	EndGlobalSection
	GlobalSection(ExtensibilityGlobals) = postSolution
		SolutionGuid = {72912ABF-FB52-4026-9425-064C8BE7A2BA}
	EndGlobalSection
EndGlobal
